
Microsoft Visual Studio Solution File, Format Version 12.00
# Visual Studio Version 16
VisualStudioVersion = 16.0.31313.79
MinimumVisualStudioVersion = 10.0.40219.1
Project("{9A19103F-16F7-4668-BE54-9A1E7A4F7556}") = "TreatmentOffering", "TreatmentOffering\TreatmentOffering.csproj", "{47DC37F2-A0B8-451F-957B-408F3C5C6D06}"
EndProject
Project("{FAE04EC0-301F-11D3-BF4B-00C04F79EFBC}") = "TreatmentOfferingTesting", "TreatmentOfferingTesting\TreatmentOfferingTesting.csproj", "{3AB66740-60A8-4429-A08F-44BB447D1F6B}"
EndProject
Global
	GlobalSection(SolutionConfigurationPlatforms) = preSolution
		Debug|Any CPU = Debug|Any CPU
		Release|Any CPU = Release|Any CPU
	EndGlobalSection
	GlobalSection(ProjectConfigurationPlatforms) = postSolution
		{47DC37F2-A0B8-451F-957B-408F3C5C6D06}.Debug|Any CPU.ActiveCfg = Debug|Any CPU
		{47DC37F2-A0B8-451F-957B-408F3C5C6D06}.Debug|Any CPU.Build.0 = Debug|Any CPU
		{47DC37F2-A0B8-451F-957B-408F3C5C6D06}.Release|Any CPU.ActiveCfg = Release|Any CPU
		{47DC37F2-A0B8-451F-957B-408F3C5C6D06}.Release|Any CPU.Build.0 = Release|Any CPU
		{3AB66740-60A8-4429-A08F-44BB447D1F6B}.Debug|Any CPU.ActiveCfg = Debug|Any CPU
		{3AB66740-60A8-4429-A08F-44BB447D1F6B}.Debug|Any CPU.Build.0 = Debug|Any CPU
		{3AB66740-60A8-4429-A08F-44BB447D1F6B}.Release|Any CPU.ActiveCfg = Release|Any CPU
		{3AB66740-60A8-4429-A08F-44BB447D1F6B}.Release|Any CPU.Build.0 = Release|Any CPU
	EndGlobalSection
	GlobalSection(SolutionProperties) = preSolution
		HideSolutionNode = FALSE
	EndGlobalSection
	GlobalSection(ExtensibilityGlobals) = postSolution
		SolutionGuid = {9C79C154-5BFB-44DB-AA89-51BDB08BA52A}
	EndGlobalSection
EndGlobal
